
Microsoft Visual Studio Solution File, Format Version 12.00
# Visual Studio Version 16
VisualStudioVersion = 16.0.31624.102
MinimumVisualStudioVersion = 10.0.40219.1
Project("{FAE04EC0-301F-11D3-BF4B-00C04F79EFBC}") = "CRUDWinForm", "CRUDWinForm\CRUDWinForm.csproj", "{F4F4E1DC-48BC-453F-A5E1-C7CA720B970A}"
EndProject
Global
	GlobalSection(SolutionConfigurationPlatforms) = preSolution
		Debug|Any CPU = Debug|Any CPU
		Release|Any CPU = Release|Any CPU
	EndGlobalSection
	GlobalSection(ProjectConfigurationPlatforms) = postSolution
		{F4F4E1DC-48BC-453F-A5E1-C7CA720B970A}.Debug|Any CPU.ActiveCfg = Debug|Any CPU
		{F4F4E1DC-48BC-453F-A5E1-C7CA720B970A}.Debug|Any CPU.Build.0 = Debug|Any CPU
		{F4F4E1DC-48BC-453F-A5E1-C7CA720B970A}.Release|Any CPU.ActiveCfg = Release|Any CPU
		{F4F4E1DC-48BC-453F-A5E1-C7CA720B970A}.Release|Any CPU.Build.0 = Release|Any CPU
	EndGlobalSection
	GlobalSection(SolutionProperties) = preSolution
		HideSolutionNode = FALSE
	EndGlobalSection
	GlobalSection(ExtensibilityGlobals) = postSolution
		SolutionGuid = {BD611622-F39B-49D7-9835-734DF98998F0}
	EndGlobalSection
EndGlobal
